
Microsoft Visual Studio Solution File, Format Version 12.00
# Visual Studio Version 17
VisualStudioVersion = 17.1.32421.90
MinimumVisualStudioVersion = 10.0.40219.1
Project("{9A19103F-16F7-4668-BE54-9A1E7A4F7556}") = "MissingCode.Umbraco.HtmlMinifier", "MissingCode.Umbraco.HtmlMinifier\MissingCode.Umbraco.HtmlMinifier.csproj", "{2A7928A0-8456-4B17-AF8C-BABF5E57C1B2}"
EndProject
Global
	GlobalSection(SolutionConfigurationPlatforms) = preSolution
		Debug|Any CPU = Debug|Any CPU
		Release|Any CPU = Release|Any CPU
	EndGlobalSection
	GlobalSection(ProjectConfigurationPlatforms) = postSolution
		{2A7928A0-8456-4B17-AF8C-BABF5E57C1B2}.Debug|Any CPU.ActiveCfg = Debug|Any CPU
		{2A7928A0-8456-4B17-AF8C-BABF5E57C1B2}.Debug|Any CPU.Build.0 = Debug|Any CPU
		{2A7928A0-8456-4B17-AF8C-BABF5E57C1B2}.Release|Any CPU.ActiveCfg = Release|Any CPU
		{2A7928A0-8456-4B17-AF8C-BABF5E57C1B2}.Release|Any CPU.Build.0 = Release|Any CPU
	EndGlobalSection
	GlobalSection(SolutionProperties) = preSolution
		HideSolutionNode = FALSE
	EndGlobalSection
	GlobalSection(ExtensibilityGlobals) = postSolution
		SolutionGuid = {86B5B2C2-7FAD-44BB-B3AC-E6A66FF807EE}
	EndGlobalSection
EndGlobal
