
Microsoft Visual Studio Solution File, Format Version 12.00
# Visual Studio 15
VisualStudioVersion = 15.0.28307.572
MinimumVisualStudioVersion = 10.0.40219.1
Project("{FAE04EC0-301F-11D3-BF4B-00C04F79EFBC}") = "MissingCode.Umbraco.HtmlMinifier", "MissingCode.Umbraco.HtmlMinifier.csproj", "{98E5E500-99A4-4E99-9695-813B6E969089}"
EndProject
Project("{FAE04EC0-301F-11D3-BF4B-00C04F79EFBC}") = "HtmlMinifier.Webv7", "HtmlMinifier.Webv7\HtmlMinifier.Webv7.csproj", "{2A4DE8D3-89E9-4382-B989-638B27F825D3}"
EndProject
Global
	GlobalSection(SolutionConfigurationPlatforms) = preSolution
		Debug|Any CPU = Debug|Any CPU
		Release|Any CPU = Release|Any CPU
	EndGlobalSection
	GlobalSection(ProjectConfigurationPlatforms) = postSolution
		{98E5E500-99A4-4E99-9695-813B6E969089}.Debug|Any CPU.ActiveCfg = Debug|Any CPU
		{98E5E500-99A4-4E99-9695-813B6E969089}.Debug|Any CPU.Build.0 = Debug|Any CPU
		{98E5E500-99A4-4E99-9695-813B6E969089}.Release|Any CPU.ActiveCfg = Release|Any CPU
		{98E5E500-99A4-4E99-9695-813B6E969089}.Release|Any CPU.Build.0 = Release|Any CPU
		{2A4DE8D3-89E9-4382-B989-638B27F825D3}.Debug|Any CPU.ActiveCfg = Debug|Any CPU
		{2A4DE8D3-89E9-4382-B989-638B27F825D3}.Debug|Any CPU.Build.0 = Debug|Any CPU
		{2A4DE8D3-89E9-4382-B989-638B27F825D3}.Release|Any CPU.ActiveCfg = Release|Any CPU
		{2A4DE8D3-89E9-4382-B989-638B27F825D3}.Release|Any CPU.Build.0 = Release|Any CPU
	EndGlobalSection
	GlobalSection(SolutionProperties) = preSolution
		HideSolutionNode = FALSE
	EndGlobalSection
	GlobalSection(ExtensibilityGlobals) = postSolution
		SolutionGuid = {86B5B2C2-7FAD-44BB-B3AC-E6A66FF807EE}
	EndGlobalSection
EndGlobal
